
Microsoft Visual Studio Solution File, Format Version 12.00
# Visual Studio Version 17
VisualStudioVersion = 17.11.35222.181
MinimumVisualStudioVersion = 10.0.40219.1
Project("{FAE04EC0-301F-11D3-BF4B-00C04F79EFBC}") = "Minesweeper", "Minesweeper\Minesweeper.csproj", "{20623201-9C13-45C4-A3A5-508BC3A31548}"
EndProject
Global
	GlobalSection(SolutionConfigurationPlatforms) = preSolution
		Debug|Any CPU = Debug|Any CPU
		Release|Any CPU = Release|Any CPU
	EndGlobalSection
	GlobalSection(ProjectConfigurationPlatforms) = postSolution
		{20623201-9C13-45C4-A3A5-508BC3A31548}.Debug|Any CPU.ActiveCfg = Debug|Any CPU
		{20623201-9C13-45C4-A3A5-508BC3A31548}.Debug|Any CPU.Build.0 = Debug|Any CPU
		{20623201-9C13-45C4-A3A5-508BC3A31548}.Release|Any CPU.ActiveCfg = Release|Any CPU
		{20623201-9C13-45C4-A3A5-508BC3A31548}.Release|Any CPU.Build.0 = Release|Any CPU
	EndGlobalSection
	GlobalSection(SolutionProperties) = preSolution
		HideSolutionNode = FALSE
	EndGlobalSection
	GlobalSection(ExtensibilityGlobals) = postSolution
		SolutionGuid = {59DEFC8F-F351-45CF-9200-540695E83A66}
	EndGlobalSection
EndGlobal
